
Microsoft Visual Studio Solution File, Format Version 12.00
# Visual Studio 15
VisualStudioVersion = 15.0.27130.2020
MinimumVisualStudioVersion = 10.0.40219.1
Project("{FAE04EC0-301F-11D3-BF4B-00C04F79EFBC}") = "RachelSoderberg_Lab1", "RachelSoderberg_Lab1\RachelSoderberg_Lab1.csproj", "{61ABA315-E462-4EEA-85BA-D25AF4C1776B}"
EndProject
Global
	GlobalSection(SolutionConfigurationPlatforms) = preSolution
		Debug|Any CPU = Debug|Any CPU
		Release|Any CPU = Release|Any CPU
	EndGlobalSection
	GlobalSection(ProjectConfigurationPlatforms) = postSolution
		{61ABA315-E462-4EEA-85BA-D25AF4C1776B}.Debug|Any CPU.ActiveCfg = Debug|Any CPU
		{61ABA315-E462-4EEA-85BA-D25AF4C1776B}.Debug|Any CPU.Build.0 = Debug|Any CPU
		{61ABA315-E462-4EEA-85BA-D25AF4C1776B}.Release|Any CPU.ActiveCfg = Release|Any CPU
		{61ABA315-E462-4EEA-85BA-D25AF4C1776B}.Release|Any CPU.Build.0 = Release|Any CPU
	EndGlobalSection
	GlobalSection(SolutionProperties) = preSolution
		HideSolutionNode = FALSE
	EndGlobalSection
	GlobalSection(ExtensibilityGlobals) = postSolution
		SolutionGuid = {44F269C4-0F8C-42CB-95EE-8CA3C983F168}
	EndGlobalSection
EndGlobal
