
Microsoft Visual Studio Solution File, Format Version 12.00
# Visual Studio 15
VisualStudioVersion = 15.0.27130.2020
MinimumVisualStudioVersion = 10.0.40219.1
Project("{8BC9CEB8-8B4A-11D0-8D11-00A0C91BC942}") = "Day2_Operators", "Day2_Operators\Day2_Operators.vcxproj", "{019E0E4C-1182-472E-921B-744D44F96340}"
EndProject
Global
	GlobalSection(SolutionConfigurationPlatforms) = preSolution
		Debug|x64 = Debug|x64
		Debug|x86 = Debug|x86
		Release|x64 = Release|x64
		Release|x86 = Release|x86
	EndGlobalSection
	GlobalSection(ProjectConfigurationPlatforms) = postSolution
		{019E0E4C-1182-472E-921B-744D44F96340}.Debug|x64.ActiveCfg = Debug|x64
		{019E0E4C-1182-472E-921B-744D44F96340}.Debug|x64.Build.0 = Debug|x64
		{019E0E4C-1182-472E-921B-744D44F96340}.Debug|x86.ActiveCfg = Debug|Win32
		{019E0E4C-1182-472E-921B-744D44F96340}.Debug|x86.Build.0 = Debug|Win32
		{019E0E4C-1182-472E-921B-744D44F96340}.Release|x64.ActiveCfg = Release|x64
		{019E0E4C-1182-472E-921B-744D44F96340}.Release|x64.Build.0 = Release|x64
		{019E0E4C-1182-472E-921B-744D44F96340}.Release|x86.ActiveCfg = Release|Win32
		{019E0E4C-1182-472E-921B-744D44F96340}.Release|x86.Build.0 = Release|Win32
	EndGlobalSection
	GlobalSection(SolutionProperties) = preSolution
		HideSolutionNode = FALSE
	EndGlobalSection
	GlobalSection(ExtensibilityGlobals) = postSolution
		SolutionGuid = {A4E04BA0-E63D-41EC-A6F2-5686B6E587F7}
	EndGlobalSection
EndGlobal
