
Microsoft Visual Studio Solution File, Format Version 12.00
# Visual Studio 15
VisualStudioVersion = 15.0.27130.2020
MinimumVisualStudioVersion = 10.0.40219.1
Project("{FAE04EC0-301F-11D3-BF4B-00C04F79EFBC}") = "RachelSoderberg_Week5Lab", "RachelSoderberg_Lab2\RachelSoderberg_Week5Lab.csproj", "{A0CB5ACC-E1FD-491A-B4FE-8606980AD467}"
EndProject
Project("{FAE04EC0-301F-11D3-BF4B-00C04F79EFBC}") = "RSoderbergAppAPI", "RSoderbergAppAPI\RSoderbergAppAPI.csproj", "{E1A55A84-7266-4073-971A-88BAB68F9439}"
EndProject
Global
	GlobalSection(SolutionConfigurationPlatforms) = preSolution
		Debug|Any CPU = Debug|Any CPU
		Release|Any CPU = Release|Any CPU
	EndGlobalSection
	GlobalSection(ProjectConfigurationPlatforms) = postSolution
		{A0CB5ACC-E1FD-491A-B4FE-8606980AD467}.Debug|Any CPU.ActiveCfg = Debug|Any CPU
		{A0CB5ACC-E1FD-491A-B4FE-8606980AD467}.Debug|Any CPU.Build.0 = Debug|Any CPU
		{A0CB5ACC-E1FD-491A-B4FE-8606980AD467}.Release|Any CPU.ActiveCfg = Release|Any CPU
		{A0CB5ACC-E1FD-491A-B4FE-8606980AD467}.Release|Any CPU.Build.0 = Release|Any CPU
		{E1A55A84-7266-4073-971A-88BAB68F9439}.Debug|Any CPU.ActiveCfg = Debug|Any CPU
		{E1A55A84-7266-4073-971A-88BAB68F9439}.Debug|Any CPU.Build.0 = Debug|Any CPU
		{E1A55A84-7266-4073-971A-88BAB68F9439}.Release|Any CPU.ActiveCfg = Release|Any CPU
		{E1A55A84-7266-4073-971A-88BAB68F9439}.Release|Any CPU.Build.0 = Release|Any CPU
	EndGlobalSection
	GlobalSection(SolutionProperties) = preSolution
		HideSolutionNode = FALSE
	EndGlobalSection
	GlobalSection(ExtensibilityGlobals) = postSolution
		SolutionGuid = {4E8D0904-0A64-4532-B5D2-85127CBAABBA}
	EndGlobalSection
EndGlobal
