
Microsoft Visual Studio Solution File, Format Version 12.00
# Visual Studio 15
VisualStudioVersion = 15.0.27130.2020
MinimumVisualStudioVersion = 10.0.40219.1
Project("{8BC9CEB8-8B4A-11D0-8D11-00A0C91BC942}") = "Class", "Class\Class.vcxproj", "{5C7CFC9D-4821-4B45-B239-3A31B13F2B5F}"
EndProject
Global
	GlobalSection(SolutionConfigurationPlatforms) = preSolution
		Debug|x64 = Debug|x64
		Debug|x86 = Debug|x86
		Release|x64 = Release|x64
		Release|x86 = Release|x86
	EndGlobalSection
	GlobalSection(ProjectConfigurationPlatforms) = postSolution
		{5C7CFC9D-4821-4B45-B239-3A31B13F2B5F}.Debug|x64.ActiveCfg = Debug|x64
		{5C7CFC9D-4821-4B45-B239-3A31B13F2B5F}.Debug|x64.Build.0 = Debug|x64
		{5C7CFC9D-4821-4B45-B239-3A31B13F2B5F}.Debug|x86.ActiveCfg = Debug|Win32
		{5C7CFC9D-4821-4B45-B239-3A31B13F2B5F}.Debug|x86.Build.0 = Debug|Win32
		{5C7CFC9D-4821-4B45-B239-3A31B13F2B5F}.Release|x64.ActiveCfg = Release|x64
		{5C7CFC9D-4821-4B45-B239-3A31B13F2B5F}.Release|x64.Build.0 = Release|x64
		{5C7CFC9D-4821-4B45-B239-3A31B13F2B5F}.Release|x86.ActiveCfg = Release|Win32
		{5C7CFC9D-4821-4B45-B239-3A31B13F2B5F}.Release|x86.Build.0 = Release|Win32
	EndGlobalSection
	GlobalSection(SolutionProperties) = preSolution
		HideSolutionNode = FALSE
	EndGlobalSection
	GlobalSection(ExtensibilityGlobals) = postSolution
		SolutionGuid = {F21C045C-596F-48B5-BA87-7B56E44B1F5E}
	EndGlobalSection
EndGlobal
